
Microsoft Visual Studio Solution File, Format Version 12.00
Project("{FAE04EC0-301F-11D3-BF4B-00C04F79EFBC}") = "Exercise2", "Exercise2\Exercise2.csproj", "{9060EF01-71CC-4273-8A47-A87646E54FA2}"
EndProject
Global
	GlobalSection(SolutionConfigurationPlatforms) = preSolution
		Debug|Any CPU = Debug|Any CPU
		Release|Any CPU = Release|Any CPU
	EndGlobalSection
	GlobalSection(ProjectConfigurationPlatforms) = postSolution
		{9060EF01-71CC-4273-8A47-A87646E54FA2}.Debug|Any CPU.ActiveCfg = Debug|Any CPU
		{9060EF01-71CC-4273-8A47-A87646E54FA2}.Debug|Any CPU.Build.0 = Debug|Any CPU
		{9060EF01-71CC-4273-8A47-A87646E54FA2}.Release|Any CPU.ActiveCfg = Release|Any CPU
		{9060EF01-71CC-4273-8A47-A87646E54FA2}.Release|Any CPU.Build.0 = Release|Any CPU
	EndGlobalSection
EndGlobal
